
Microsoft Visual Studio Solution File, Format Version 10.00
# Visual Studio 2008
Project("{FAE04EC0-301F-11D3-BF4B-00C04F79EFBC}") = "Chuong2Bai5", "Chuong2Bai5\Chuong2Bai5.csproj", "{DF0B1E7A-BFA9-4F28-BFB4-39561B3875BD}"
EndProject
Global
	GlobalSection(SolutionConfigurationPlatforms) = preSolution
		Debug|Any CPU = Debug|Any CPU
		Release|Any CPU = Release|Any CPU
	EndGlobalSection
	GlobalSection(ProjectConfigurationPlatforms) = postSolution
		{DF0B1E7A-BFA9-4F28-BFB4-39561B3875BD}.Debug|Any CPU.ActiveCfg = Debug|Any CPU
		{DF0B1E7A-BFA9-4F28-BFB4-39561B3875BD}.Debug|Any CPU.Build.0 = Debug|Any CPU
		{DF0B1E7A-BFA9-4F28-BFB4-39561B3875BD}.Release|Any CPU.ActiveCfg = Release|Any CPU
		{DF0B1E7A-BFA9-4F28-BFB4-39561B3875BD}.Release|Any CPU.Build.0 = Release|Any CPU
	EndGlobalSection
	GlobalSection(SolutionProperties) = preSolution
		HideSolutionNode = FALSE
	EndGlobalSection
EndGlobal
